
Microsoft Visual Studio Solution File, Format Version 12.00
# Visual Studio Version 17
VisualStudioVersion = 17.0.31919.166
MinimumVisualStudioVersion = 10.0.40219.1
Project("{FAE04EC0-301F-11D3-BF4B-00C04F79EFBC}") = "MaintenanceAPITests", "MaintenanceAPITests\MaintenanceAPITests.csproj", "{9B966828-8BA3-4384-8DD6-4845B660A28D}"
EndProject
Project("{FAE04EC0-301F-11D3-BF4B-00C04F79EFBC}") = "MaintenanceAPITests.Authorization", "MaintenanceAPITests.Authorization\MaintenanceAPITests.Authorization.csproj", "{0233E01B-E90A-4540-8AAF-62175ACF4E34}"
EndProject
Project("{FAE04EC0-301F-11D3-BF4B-00C04F79EFBC}") = "MaintenanceAPITests.Common", "MaintenanceAPITests.Contracts\MaintenanceAPITests.Common.csproj", "{A11947C3-FCDF-4BBD-B1B8-CEF4544BA044}"
EndProject
Global
	GlobalSection(SolutionConfigurationPlatforms) = preSolution
		Debug|Any CPU = Debug|Any CPU
		Release|Any CPU = Release|Any CPU
	EndGlobalSection
	GlobalSection(ProjectConfigurationPlatforms) = postSolution
		{9B966828-8BA3-4384-8DD6-4845B660A28D}.Debug|Any CPU.ActiveCfg = Debug|Any CPU
		{9B966828-8BA3-4384-8DD6-4845B660A28D}.Debug|Any CPU.Build.0 = Debug|Any CPU
		{9B966828-8BA3-4384-8DD6-4845B660A28D}.Release|Any CPU.ActiveCfg = Release|Any CPU
		{9B966828-8BA3-4384-8DD6-4845B660A28D}.Release|Any CPU.Build.0 = Release|Any CPU
		{0233E01B-E90A-4540-8AAF-62175ACF4E34}.Debug|Any CPU.ActiveCfg = Debug|Any CPU
		{0233E01B-E90A-4540-8AAF-62175ACF4E34}.Debug|Any CPU.Build.0 = Debug|Any CPU
		{0233E01B-E90A-4540-8AAF-62175ACF4E34}.Release|Any CPU.ActiveCfg = Release|Any CPU
		{0233E01B-E90A-4540-8AAF-62175ACF4E34}.Release|Any CPU.Build.0 = Release|Any CPU
		{A11947C3-FCDF-4BBD-B1B8-CEF4544BA044}.Debug|Any CPU.ActiveCfg = Debug|Any CPU
		{A11947C3-FCDF-4BBD-B1B8-CEF4544BA044}.Debug|Any CPU.Build.0 = Debug|Any CPU
		{A11947C3-FCDF-4BBD-B1B8-CEF4544BA044}.Release|Any CPU.ActiveCfg = Release|Any CPU
		{A11947C3-FCDF-4BBD-B1B8-CEF4544BA044}.Release|Any CPU.Build.0 = Release|Any CPU
	EndGlobalSection
	GlobalSection(SolutionProperties) = preSolution
		HideSolutionNode = FALSE
	EndGlobalSection
	GlobalSection(ExtensibilityGlobals) = postSolution
		SolutionGuid = {D9E4B4B6-5848-4A54-BB0E-C9315FBD7D03}
	EndGlobalSection
EndGlobal
